
Microsoft Visual Studio Solution File, Format Version 12.00
# Visual Studio 15
VisualStudioVersion = 15.0.27004.2010
MinimumVisualStudioVersion = 10.0.40219.1
Project("{FAE04EC0-301F-11D3-BF4B-00C04F79EFBC}") = "JC.Lib", "JC.Lib\JC.Lib.csproj", "{7DD6633C-68AE-431D-8F94-56E6B813D9B1}"
EndProject
Project("{FAE04EC0-301F-11D3-BF4B-00C04F79EFBC}") = "JC.Lib.Demo", "JC.Lib.Demo\JC.Lib.Demo.csproj", "{03527981-D546-4D6F-A7AC-7AC521543EA4}"
EndProject
Project("{FAE04EC0-301F-11D3-BF4B-00C04F79EFBC}") = "JC.Reptile", "JC.Reptile\JC.Reptile.csproj", "{F04B296F-0B38-498B-86B2-F22A47693108}"
EndProject
Global
	GlobalSection(SolutionConfigurationPlatforms) = preSolution
		Debug|Any CPU = Debug|Any CPU
		Release|Any CPU = Release|Any CPU
		TRIALVER|Any CPU = TRIALVER|Any CPU
	EndGlobalSection
	GlobalSection(ProjectConfigurationPlatforms) = postSolution
		{7DD6633C-68AE-431D-8F94-56E6B813D9B1}.Debug|Any CPU.ActiveCfg = Debug|Any CPU
		{7DD6633C-68AE-431D-8F94-56E6B813D9B1}.Debug|Any CPU.Build.0 = Debug|Any CPU
		{7DD6633C-68AE-431D-8F94-56E6B813D9B1}.Release|Any CPU.ActiveCfg = Release|Any CPU
		{7DD6633C-68AE-431D-8F94-56E6B813D9B1}.Release|Any CPU.Build.0 = Release|Any CPU
		{7DD6633C-68AE-431D-8F94-56E6B813D9B1}.TRIALVER|Any CPU.ActiveCfg = TRIALVER|Any CPU
		{7DD6633C-68AE-431D-8F94-56E6B813D9B1}.TRIALVER|Any CPU.Build.0 = TRIALVER|Any CPU
		{03527981-D546-4D6F-A7AC-7AC521543EA4}.Debug|Any CPU.ActiveCfg = Debug|Any CPU
		{03527981-D546-4D6F-A7AC-7AC521543EA4}.Debug|Any CPU.Build.0 = Debug|Any CPU
		{03527981-D546-4D6F-A7AC-7AC521543EA4}.Release|Any CPU.ActiveCfg = Release|Any CPU
		{03527981-D546-4D6F-A7AC-7AC521543EA4}.Release|Any CPU.Build.0 = Release|Any CPU
		{03527981-D546-4D6F-A7AC-7AC521543EA4}.TRIALVER|Any CPU.ActiveCfg = TRIALVER|Any CPU
		{03527981-D546-4D6F-A7AC-7AC521543EA4}.TRIALVER|Any CPU.Build.0 = TRIALVER|Any CPU
		{F04B296F-0B38-498B-86B2-F22A47693108}.Debug|Any CPU.ActiveCfg = Debug|Any CPU
		{F04B296F-0B38-498B-86B2-F22A47693108}.Debug|Any CPU.Build.0 = Debug|Any CPU
		{F04B296F-0B38-498B-86B2-F22A47693108}.Release|Any CPU.ActiveCfg = Release|Any CPU
		{F04B296F-0B38-498B-86B2-F22A47693108}.Release|Any CPU.Build.0 = Release|Any CPU
		{F04B296F-0B38-498B-86B2-F22A47693108}.TRIALVER|Any CPU.ActiveCfg = Release|Any CPU
		{F04B296F-0B38-498B-86B2-F22A47693108}.TRIALVER|Any CPU.Build.0 = Release|Any CPU
	EndGlobalSection
	GlobalSection(SolutionProperties) = preSolution
		HideSolutionNode = FALSE
	EndGlobalSection
	GlobalSection(ExtensibilityGlobals) = postSolution
		SolutionGuid = {77B8A5C5-95C1-493B-8DA1-FD3D5C4E176E}
	EndGlobalSection
	GlobalSection(SubversionScc) = preSolution
		Svn-Managed = True
		Manager = AnkhSVN - Subversion Support for Visual Studio
	EndGlobalSection
EndGlobal
